
Microsoft Visual Studio Solution File, Format Version 12.00
# Visual Studio Version 16
VisualStudioVersion = 16.0.30611.23
MinimumVisualStudioVersion = 10.0.40219.1
Project("{9A19103F-16F7-4668-BE54-9A1E7A4F7556}") = "iTech", "iTech\iTech.csproj", "{FAFD3595-1EB4-4828-8315-28DAF25EB7A4}"
EndProject
Global
	GlobalSection(SolutionConfigurationPlatforms) = preSolution
		Debug|Any CPU = Debug|Any CPU
		Release|Any CPU = Release|Any CPU
	EndGlobalSection
	GlobalSection(ProjectConfigurationPlatforms) = postSolution
		{FAFD3595-1EB4-4828-8315-28DAF25EB7A4}.Debug|Any CPU.ActiveCfg = Debug|Any CPU
		{FAFD3595-1EB4-4828-8315-28DAF25EB7A4}.Debug|Any CPU.Build.0 = Debug|Any CPU
		{FAFD3595-1EB4-4828-8315-28DAF25EB7A4}.Release|Any CPU.ActiveCfg = Release|Any CPU
		{FAFD3595-1EB4-4828-8315-28DAF25EB7A4}.Release|Any CPU.Build.0 = Release|Any CPU
	EndGlobalSection
	GlobalSection(SolutionProperties) = preSolution
		HideSolutionNode = FALSE
	EndGlobalSection
	GlobalSection(ExtensibilityGlobals) = postSolution
		SolutionGuid = {7D814045-8F5A-419A-A315-29F6EFB8EF7E}
	EndGlobalSection
EndGlobal
